// !$*UTF8*$!
{
	archiveVersion = 1;
	classes = {
	};
	objectVersion = 77;
	objects = {

/* Begin PBXBuildFile section */
		E82F3CB62EF0655500ABCF0D /* ReceiptCardView.swift in Sources */ = {isa = PBXBuildFile; fileRef = E82F3CB52EF0655500ABCF0D /* ReceiptCardView.swift */; };
		E82F3CB82EF0656000ABCF0D /* MonthBalanceCard.swift in Sources */ = {isa = PBXBuildFile; fileRef = E82F3CB72EF0656000ABCF0D /* MonthBalanceCard.swift */; };
		E82F3CBA2EF0656800ABCF0D /* SectionDivider.swift in Sources */ = {isa = PBXBuildFile; fileRef = E82F3CB92EF0656800ABCF0D /* SectionDivider.swift */; };
		E82F3CBC2EF0657700ABCF0D /* AddBalanceSheet.swift in Sources */ = {isa = PBXBuildFile; fileRef = E82F3CBB2EF0657700ABCF0D /* AddBalanceSheet.swift */; };
		E82F3CBE2EF0658C00ABCF0D /* DashboardSheet.swift in Sources */ = {isa = PBXBuildFile; fileRef = E82F3CBD2EF0658C00ABCF0D /* DashboardSheet.swift */; };
		E82F3CC02EF0662000ABCF0D /* UI_IMPLEMENTATION.md in Resources */ = {isa = PBXBuildFile; fileRef = E82F3CBF2EF0662000ABCF0D /* UI_IMPLEMENTATION.md */; };
		E82F3CCF2EF9C91A00ABCF0D /* FirebaseAuth in Frameworks */ = {isa = PBXBuildFile; productRef = E82F3CCE2EF9C91A00ABCF0D /* FirebaseAuth */; };
		E82F3CD12EF9C91A00ABCF0D /* FirebaseFirestore in Frameworks */ = {isa = PBXBuildFile; productRef = E82F3CD02EF9C91A00ABCF0D /* FirebaseFirestore */; };
		E82F3CD32EF9CBC700ABCF0D /* GoogleService-Info.plist in Resources */ = {isa = PBXBuildFile; fileRef = E82F3CD22EF9CBC700ABCF0D /* GoogleService-Info.plist */; };
		E82F3CD52EF9CE4F00ABCF0D /* FIREBASE_AUTH_SETUP.md in Resources */ = {isa = PBXBuildFile; fileRef = E82F3CD42EF9CE4F00ABCF0D /* FIREBASE_AUTH_SETUP.md */; };
		E86DF8262F15A81100D9B94D /* MONTHLY_BALANCE_FIX.md in Resources */ = {isa = PBXBuildFile; fileRef = E86DF8252F15A81100D9B94D /* MONTHLY_BALANCE_FIX.md */; };
		E86DF8282F15A84700D9B94D /* DASHBOARD_FIX_SUMMARY.md in Resources */ = {isa = PBXBuildFile; fileRef = E86DF8272F15A84700D9B94D /* DASHBOARD_FIX_SUMMARY.md */; };
/* End PBXBuildFile section */

/* Begin PBXFileReference section */
		E82F3C8D2EF048AA00ABCF0D /* Receipt Tracker.app */ = {isa = PBXFileReference; explicitFileType = wrapper.application; includeInIndex = 0; path = "Receipt Tracker.app"; sourceTree = BUILT_PRODUCTS_DIR; };
		E82F3CB52EF0655500ABCF0D /* ReceiptCardView.swift */ = {isa = PBXFileReference; lastKnownFileType = sourcecode.swift; path = ReceiptCardView.swift; sourceTree = "<group>"; };
		E82F3CB72EF0656000ABCF0D /* MonthBalanceCard.swift */ = {isa = PBXFileReference; lastKnownFileType = sourcecode.swift; path = MonthBalanceCard.swift; sourceTree = "<group>"; };
		E82F3CB92EF0656800ABCF0D /* SectionDivider.swift */ = {isa = PBXFileReference; lastKnownFileType = sourcecode.swift; path = SectionDivider.swift; sourceTree = "<group>"; };
		E82F3CBB2EF0657700ABCF0D /* AddBalanceSheet.swift */ = {isa = PBXFileReference; lastKnownFileType = sourcecode.swift; path = AddBalanceSheet.swift; sourceTree = "<group>"; };
		E82F3CBD2EF0658C00ABCF0D /* DashboardSheet.swift */ = {isa = PBXFileReference; lastKnownFileType = sourcecode.swift; path = DashboardSheet.swift; sourceTree = "<group>"; };
		E82F3CBF2EF0662000ABCF0D /* UI_IMPLEMENTATION.md */ = {isa = PBXFileReference; lastKnownFileType = net.daringfireball.markdown; path = UI_IMPLEMENTATION.md; sourceTree = "<group>"; };
		E82F3CD22EF9CBC700ABCF0D /* GoogleService-Info.plist */ = {isa = PBXFileReference; lastKnownFileType = text.plist.xml; path = "GoogleService-Info.plist"; sourceTree = "<group>"; };
		E82F3CD42EF9CE4F00ABCF0D /* FIREBASE_AUTH_SETUP.md */ = {isa = PBXFileReference; lastKnownFileType = net.daringfireball.markdown; path = FIREBASE_AUTH_SETUP.md; sourceTree = "<group>"; };
		E86DF8252F15A81100D9B94D /* MONTHLY_BALANCE_FIX.md */ = {isa = PBXFileReference; lastKnownFileType = net.daringfireball.markdown; path = MONTHLY_BALANCE_FIX.md; sourceTree = "<group>"; };
		E86DF8272F15A84700D9B94D /* DASHBOARD_FIX_SUMMARY.md */ = {isa = PBXFileReference; lastKnownFileType = net.daringfireball.markdown; path = DASHBOARD_FIX_SUMMARY.md; sourceTree = "<group>"; };
/* End PBXFileReference section */

/* Begin PBXFileSystemSynchronizedRootGroup section */
		E82F3C8F2EF048AA00ABCF0D /* Receipt Tracker */ = {
			isa = PBXFileSystemSynchronizedRootGroup;
			path = "Receipt Tracker";
			sourceTree = "<group>";
		};
/* End PBXFileSystemSynchronizedRootGroup section */

/* Begin PBXFrameworksBuildPhase section */
		E82F3C8A2EF048AA00ABCF0D /* Frameworks */ = {
			isa = PBXFrameworksBuildPhase;
			buildActionMask = 2147483647;
			files = (
				E82F3CCF2EF9C91A00ABCF0D /* FirebaseAuth in Frameworks */,
				E82F3CD12EF9C91A00ABCF0D /* FirebaseFirestore in Frameworks */,
			);
			runOnlyForDeploymentPostprocessing = 0;
		};
/* End PBXFrameworksBuildPhase section */

/* Begin PBXGroup section */
		E82F3C842EF048AA00ABCF0D = {
			isa = PBXGroup;
			children = (
				E82F3C8F2EF048AA00ABCF0D /* Receipt Tracker */,
				E82F3C8E2EF048AA00ABCF0D /* Products */,
				E82F3CB52EF0655500ABCF0D /* ReceiptCardView.swift */,
				E82F3CB72EF0656000ABCF0D /* MonthBalanceCard.swift */,
				E82F3CB92EF0656800ABCF0D /* SectionDivider.swift */,
				E82F3CBB2EF0657700ABCF0D /* AddBalanceSheet.swift */,
				E82F3CBD2EF0658C00ABCF0D /* DashboardSheet.swift */,
				E82F3CBF2EF0662000ABCF0D /* UI_IMPLEMENTATION.md */,
				E82F3CD22EF9CBC700ABCF0D /* GoogleService-Info.plist */,
				E82F3CD42EF9CE4F00ABCF0D /* FIREBASE_AUTH_SETUP.md */,
				E86DF8252F15A81100D9B94D /* MONTHLY_BALANCE_FIX.md */,
				E86DF8272F15A84700D9B94D /* DASHBOARD_FIX_SUMMARY.md */,
			);
			sourceTree = "<group>";
		};
		E82F3C8E2EF048AA00ABCF0D /* Products */ = {
			isa = PBXGroup;
			children = (
				E82F3C8D2EF048AA00ABCF0D /* Receipt Tracker.app */,
			);
			name = Products;
			sourceTree = "<group>";
		};
/* End PBXGroup section */

/* Begin PBXNativeTarget section */
		E82F3C8C2EF048AA00ABCF0D /* Receipt Tracker */ = {
			isa = PBXNativeTarget;
			buildConfigurationList = E82F3C982EF048AB00ABCF0D /* Build configuration list for PBXNativeTarget "Receipt Tracker" */;
			buildPhases = (
				E82F3C892EF048AA00ABCF0D /* Sources */,
				E82F3C8A2EF048AA00ABCF0D /* Frameworks */,
				E82F3C8B2EF048AA00ABCF0D /* Resources */,
			);
			buildRules = (
			);
			dependencies = (
			);
			fileSystemSynchronizedGroups = (
				E82F3C8F2EF048AA00ABCF0D /* Receipt Tracker */,
			);
			name = "Receipt Tracker";
			packageProductDependencies = (
				E82F3CCE2EF9C91A00ABCF0D /* FirebaseAuth */,
				E82F3CD02EF9C91A00ABCF0D /* FirebaseFirestore */,
			);
			productName = "Receipt Tracker";
			productReference = E82F3C8D2EF048AA00ABCF0D /* Receipt Tracker.app */;
			productType = "com.apple.product-type.application";
		};
/* End PBXNativeTarget section */

/* Begin PBXProject section */
		E82F3C852EF048AA00ABCF0D /* Project object */ = {
			isa = PBXProject;
			attributes = {
				BuildIndependentTargetsInParallel = 1;
				LastSwiftUpdateCheck = 2620;
				LastUpgradeCheck = 2620;
				TargetAttributes = {
					E82F3C8C2EF048AA00ABCF0D = {
						CreatedOnToolsVersion = 26.2;
					};
				};
			};
			buildConfigurationList = E82F3C882EF048AA00ABCF0D /* Build configuration list for PBXProject "Receipt Tracker" */;
			developmentRegion = en;
			hasScannedForEncodings = 0;
			knownRegions = (
				en,
				Base,
			);
			mainGroup = E82F3C842EF048AA00ABCF0D;
			minimizedProjectReferenceProxies = 1;
			packageReferences = (
				E82F3CCD2EF9C91A00ABCF0D /* XCRemoteSwiftPackageReference "firebase-ios-sdk" */,
			);
			preferredProjectObjectVersion = 77;
			productRefGroup = E82F3C8E2EF048AA00ABCF0D /* Products */;
			projectDirPath = "";
			projectRoot = "";
			targets = (
				E82F3C8C2EF048AA00ABCF0D /* Receipt Tracker */,
			);
		};
/* End PBXProject section */

/* Begin PBXResourcesBuildPhase section */
		E82F3C8B2EF048AA00ABCF0D /* Resources */ = {
			isa = PBXResourcesBuildPhase;
			buildActionMask = 2147483647;
			files = (
				E86DF8262F15A81100D9B94D /* MONTHLY_BALANCE_FIX.md in Resources */,
				E86DF8282F15A84700D9B94D /* DASHBOARD_FIX_SUMMARY.md in Resources */,
				E82F3CD32EF9CBC700ABCF0D /* GoogleService-Info.plist in Resources */,
				E82F3CC02EF0662000ABCF0D /* UI_IMPLEMENTATION.md in Resources */,
				E82F3CD52EF9CE4F00ABCF0D /* FIREBASE_AUTH_SETUP.md in Resources */,
			);
			runOnlyForDeploymentPostprocessing = 0;
		};
/* End PBXResourcesBuildPhase section */

/* Begin PBXSourcesBuildPhase section */
		E82F3C892EF048AA00ABCF0D /* Sources */ = {
			isa = PBXSourcesBuildPhase;
			buildActionMask = 2147483647;
			files = (
				E82F3CBE2EF0658C00ABCF0D /* DashboardSheet.swift in Sources */,
				E82F3CB62EF0655500ABCF0D /* ReceiptCardView.swift in Sources */,
				E82F3CBA2EF0656800ABCF0D /* SectionDivider.swift in Sources */,
				E82F3CBC2EF0657700ABCF0D /* AddBalanceSheet.swift in Sources */,
				E82F3CB82EF0656000ABCF0D /* MonthBalanceCard.swift in Sources */,
			);
			runOnlyForDeploymentPostprocessing = 0;
		};
/* End PBXSourcesBuildPhase section */

/* Begin XCBuildConfiguration section */
		E82F3C962EF048AB00ABCF0D /* Debug */ = {
			isa = XCBuildConfiguration;
			buildSettings = {
				ALWAYS_SEARCH_USER_PATHS = NO;
				ASSETCATALOG_COMPILER_GENERATE_SWIFT_ASSET_SYMBOL_EXTENSIONS = YES;
				CLANG_ANALYZER_NONNULL = YES;
				CLANG_ANALYZER_NUMBER_OBJECT_CONVERSION = YES_AGGRESSIVE;
				CLANG_CXX_LANGUAGE_STANDARD = "gnu++20";
				CLANG_ENABLE_MODULES = YES;
				CLANG_ENABLE_OBJC_ARC = YES;
				CLANG_ENABLE_OBJC_WEAK = YES;
				CLANG_WARN_BLOCK_CAPTURE_AUTORELEASING = YES;
				CLANG_WARN_BOOL_CONVERSION = YES;
				CLANG_WARN_COMMA = YES;
				CLANG_WARN_CONSTANT_CONVERSION = YES;
				CLANG_WARN_DEPRECATED_OBJC_IMPLEMENTATIONS = YES;
				CLANG_WARN_DIRECT_OBJC_ISA_USAGE = YES_ERROR;
				CLANG_WARN_DOCUMENTATION_COMMENTS = YES;
				CLANG_WARN_EMPTY_BODY = YES;
				CLANG_WARN_ENUM_CONVERSION = YES;
				CLANG_WARN_INFINITE_RECURSION = YES;
				CLANG_WARN_INT_CONVERSION = YES;
				CLANG_WARN_NON_LITERAL_NULL_CONVERSION = YES;
				CLANG_WARN_OBJC_IMPLICIT_RETAIN_SELF = YES;
				CLANG_WARN_OBJC_LITERAL_CONVERSION = YES;
				CLANG_WARN_OBJC_ROOT_CLASS = YES_ERROR;
				CLANG_WARN_QUOTED_INCLUDE_IN_FRAMEWORK_HEADER = YES;
				CLANG_WARN_RANGE_LOOP_ANALYSIS = YES;
				CLANG_WARN_STRICT_PROTOTYPES = YES;
				CLANG_WARN_SUSPICIOUS_MOVE = YES;
				CLANG_WARN_UNGUARDED_AVAILABILITY = YES_AGGRESSIVE;
				CLANG_WARN_UNREACHABLE_CODE = YES;
				CLANG_WARN__DUPLICATE_METHOD_MATCH = YES;
				COPY_PHASE_STRIP = NO;
				DEBUG_INFORMATION_FORMAT = dwarf;
				DEVELOPMENT_TEAM = QLXB6T6X9W;
				ENABLE_STRICT_OBJC_MSGSEND = YES;
				ENABLE_TESTABILITY = YES;
				ENABLE_USER_SCRIPT_SANDBOXING = YES;
				GCC_C_LANGUAGE_STANDARD = gnu17;
				GCC_DYNAMIC_NO_PIC = NO;
				GCC_NO_COMMON_BLOCKS = YES;
				GCC_OPTIMIZATION_LEVEL = 0;
				GCC_PREPROCESSOR_DEFINITIONS = (
					"DEBUG=1",
					"$(inherited)",
				);
				GCC_WARN_64_TO_32_BIT_CONVERSION = YES;
				GCC_WARN_ABOUT_RETURN_TYPE = YES_ERROR;
				GCC_WARN_UNDECLARED_SELECTOR = YES;
				GCC_WARN_UNINITIALIZED_AUTOS = YES_AGGRESSIVE;
				GCC_WARN_UNUSED_FUNCTION = YES;
				GCC_WARN_UNUSED_VARIABLE = YES;
				IPHONEOS_DEPLOYMENT_TARGET = 26.2;
				LOCALIZATION_PREFERS_STRING_CATALOGS = YES;
				MTL_ENABLE_DEBUG_INFO = INCLUDE_SOURCE;
				MTL_FAST_MATH = YES;
				ONLY_ACTIVE_ARCH = YES;
				SDKROOT = iphoneos;
				SWIFT_ACTIVE_COMPILATION_CONDITIONS = "DEBUG $(inherited)";
				SWIFT_OPTIMIZATION_LEVEL = "-Onone";
			};
			name = Debug;
		};
		E82F3C972EF048AB00ABCF0D /* Release */ = {
			isa = XCBuildConfiguration;
			buildSettings = {
				ALWAYS_SEARCH_USER_PATHS = NO;
				ASSETCATALOG_COMPILER_GENERATE_SWIFT_ASSET_SYMBOL_EXTENSIONS = YES;
				CLANG_ANALYZER_NONNULL = YES;
				CLANG_ANALYZER_NUMBER_OBJECT_CONVERSION = YES_AGGRESSIVE;
				CLANG_CXX_LANGUAGE_STANDARD = "gnu++20";
				CLANG_ENABLE_MODULES = YES;
				CLANG_ENABLE_OBJC_ARC = YES;
				CLANG_ENABLE_OBJC_WEAK = YES;
				CLANG_WARN_BLOCK_CAPTURE_AUTORELEASING = YES;
				CLANG_WARN_BOOL_CONVERSION = YES;
				CLANG_WARN_COMMA = YES;
				CLANG_WARN_CONSTANT_CONVERSION = YES;
				CLANG_WARN_DEPRECATED_OBJC_IMPLEMENTATIONS = YES;
				CLANG_WARN_DIRECT_OBJC_ISA_USAGE = YES_ERROR;
				CLANG_WARN_DOCUMENTATION_COMMENTS = YES;
				CLANG_WARN_EMPTY_BODY = YES;
				CLANG_WARN_ENUM_CONVERSION = YES;
				CLANG_WARN_INFINITE_RECURSION = YES;
				CLANG_WARN_INT_CONVERSION = YES;
				CLANG_WARN_NON_LITERAL_NULL_CONVERSION = YES;
				CLANG_WARN_OBJC_IMPLICIT_RETAIN_SELF = YES;
				CLANG_WARN_OBJC_LITERAL_CONVERSION = YES;
				CLANG_WARN_OBJC_ROOT_CLASS = YES_ERROR;
				CLANG_WARN_QUOTED_INCLUDE_IN_FRAMEWORK_HEADER = YES;
				CLANG_WARN_RANGE_LOOP_ANALYSIS = YES;
				CLANG_WARN_STRICT_PROTOTYPES = YES;
				CLANG_WARN_SUSPICIOUS_MOVE = YES;
				CLANG_WARN_UNGUARDED_AVAILABILITY = YES_AGGRESSIVE;
				CLANG_WARN_UNREACHABLE_CODE = YES;
				CLANG_WARN__DUPLICATE_METHOD_MATCH = YES;
				COPY_PHASE_STRIP = NO;
				DEBUG_INFORMATION_FORMAT = "dwarf-with-dsym";
				DEVELOPMENT_TEAM = QLXB6T6X9W;
				ENABLE_NS_ASSERTIONS = NO;
				ENABLE_STRICT_OBJC_MSGSEND = YES;
				ENABLE_USER_SCRIPT_SANDBOXING = YES;
				GCC_C_LANGUAGE_STANDARD = gnu17;
				GCC_NO_COMMON_BLOCKS = YES;
				GCC_WARN_64_TO_32_BIT_CONVERSION = YES;
				GCC_WARN_ABOUT_RETURN_TYPE = YES_ERROR;
				GCC_WARN_UNDECLARED_SELECTOR = YES;
				GCC_WARN_UNINITIALIZED_AUTOS = YES_AGGRESSIVE;
				GCC_WARN_UNUSED_FUNCTION = YES;
				GCC_WARN_UNUSED_VARIABLE = YES;
				IPHONEOS_DEPLOYMENT_TARGET = 26.2;
				LOCALIZATION_PREFERS_STRING_CATALOGS = YES;
				MTL_ENABLE_DEBUG_INFO = NO;
				MTL_FAST_MATH = YES;
				SDKROOT = iphoneos;
				SWIFT_COMPILATION_MODE = wholemodule;
				VALIDATE_PRODUCT = YES;
			};
			name = Release;
		};
		E82F3C992EF048AB00ABCF0D /* Debug */ = {
			isa = XCBuildConfiguration;
			buildSettings = {
				ASSETCATALOG_COMPILER_APPICON_NAME = AppIcon;
				ASSETCATALOG_COMPILER_GLOBAL_ACCENT_COLOR_NAME = AccentColor;
				CODE_SIGN_ENTITLEMENTS = "Receipt Tracker/Receipt Tracker.entitlements";
				CODE_SIGN_STYLE = Automatic;
				CURRENT_PROJECT_VERSION = 1;
				DEVELOPMENT_TEAM = QLXB6T6X9W;
				ENABLE_PREVIEWS = YES;
				GENERATE_INFOPLIST_FILE = YES;
				INFOPLIST_FILE = "Receipt-Tracker-Info.plist";
				INFOPLIST_KEY_LSApplicationCategoryType = "public.app-category.utilities";
				INFOPLIST_KEY_NSCameraUsageDescription = "We need camera access to scan receipt QR codes";
				INFOPLIST_KEY_UIApplicationSceneManifest_Generation = YES;
				INFOPLIST_KEY_UIApplicationSupportsIndirectInputEvents = YES;
				INFOPLIST_KEY_UILaunchScreen_Generation = YES;
				INFOPLIST_KEY_UISupportedInterfaceOrientations_iPad = "UIInterfaceOrientationPortrait UIInterfaceOrientationPortraitUpsideDown UIInterfaceOrientationLandscapeLeft UIInterfaceOrientationLandscapeRight";
				INFOPLIST_KEY_UISupportedInterfaceOrientations_iPhone = "UIInterfaceOrientationPortrait UIInterfaceOrientationLandscapeLeft UIInterfaceOrientationLandscapeRight";
				LD_RUNPATH_SEARCH_PATHS = (
					"$(inherited)",
					"@executable_path/Frameworks",
				);
				MARKETING_VERSION = 1.0;
				PRODUCT_BUNDLE_IDENTIFIER = "bogste.Receipt-Tracker";
				PRODUCT_NAME = "$(TARGET_NAME)";
				STRING_CATALOG_GENERATE_SYMBOLS = YES;
				SWIFT_APPROACHABLE_CONCURRENCY = YES;
				SWIFT_DEFAULT_ACTOR_ISOLATION = MainActor;
				SWIFT_EMIT_LOC_STRINGS = YES;
				SWIFT_UPCOMING_FEATURE_MEMBER_IMPORT_VISIBILITY = YES;
				SWIFT_VERSION = 5.0;
				TARGETED_DEVICE_FAMILY = "1,2";
			};
			name = Debug;
		};
		E82F3C9A2EF048AB00ABCF0D /* Release */ = {
			isa = XCBuildConfiguration;
			buildSettings = {
				ASSETCATALOG_COMPILER_APPICON_NAME = AppIcon;
				ASSETCATALOG_COMPILER_GLOBAL_ACCENT_COLOR_NAME = AccentColor;
				CODE_SIGN_ENTITLEMENTS = "Receipt Tracker/Receipt Tracker.entitlements";
				CODE_SIGN_STYLE = Automatic;
				CURRENT_PROJECT_VERSION = 1;
				DEVELOPMENT_TEAM = QLXB6T6X9W;
				ENABLE_PREVIEWS = YES;
				GENERATE_INFOPLIST_FILE = YES;
				INFOPLIST_FILE = "Receipt-Tracker-Info.plist";
				INFOPLIST_KEY_LSApplicationCategoryType = "public.app-category.utilities";
				INFOPLIST_KEY_NSCameraUsageDescription = "We need camera access to scan receipt QR codes";
				INFOPLIST_KEY_UIApplicationSceneManifest_Generation = YES;
				INFOPLIST_KEY_UIApplicationSupportsIndirectInputEvents = YES;
				INFOPLIST_KEY_UILaunchScreen_Generation = YES;
				INFOPLIST_KEY_UISupportedInterfaceOrientations_iPad = "UIInterfaceOrientationPortrait UIInterfaceOrientationPortraitUpsideDown UIInterfaceOrientationLandscapeLeft UIInterfaceOrientationLandscapeRight";
				INFOPLIST_KEY_UISupportedInterfaceOrientations_iPhone = "UIInterfaceOrientationPortrait UIInterfaceOrientationLandscapeLeft UIInterfaceOrientationLandscapeRight";
				LD_RUNPATH_SEARCH_PATHS = (
					"$(inherited)",
					"@executable_path/Frameworks",
				);
				MARKETING_VERSION = 1.0;
				PRODUCT_BUNDLE_IDENTIFIER = "bogste.Receipt-Tracker";
				PRODUCT_NAME = "$(TARGET_NAME)";
				STRING_CATALOG_GENERATE_SYMBOLS = YES;
				SWIFT_APPROACHABLE_CONCURRENCY = YES;
				SWIFT_DEFAULT_ACTOR_ISOLATION = MainActor;
				SWIFT_EMIT_LOC_STRINGS = YES;
				SWIFT_UPCOMING_FEATURE_MEMBER_IMPORT_VISIBILITY = YES;
				SWIFT_VERSION = 5.0;
				TARGETED_DEVICE_FAMILY = "1,2";
			};
			name = Release;
		};
/* End XCBuildConfiguration section */

/* Begin XCConfigurationList section */
		E82F3C882EF048AA00ABCF0D /* Build configuration list for PBXProject "Receipt Tracker" */ = {
			isa = XCConfigurationList;
			buildConfigurations = (
				E82F3C962EF048AB00ABCF0D /* Debug */,
				E82F3C972EF048AB00ABCF0D /* Release */,
			);
			defaultConfigurationIsVisible = 0;
			defaultConfigurationName = Release;
		};
		E82F3C982EF048AB00ABCF0D /* Build configuration list for PBXNativeTarget "Receipt Tracker" */ = {
			isa = XCConfigurationList;
			buildConfigurations = (
				E82F3C992EF048AB00ABCF0D /* Debug */,
				E82F3C9A2EF048AB00ABCF0D /* Release */,
			);
			defaultConfigurationIsVisible = 0;
			defaultConfigurationName = Release;
		};
/* End XCConfigurationList section */

/* Begin XCRemoteSwiftPackageReference section */
		E82F3CCD2EF9C91A00ABCF0D /* XCRemoteSwiftPackageReference "firebase-ios-sdk" */ = {
			isa = XCRemoteSwiftPackageReference;
			repositoryURL = "https://github.com/firebase/firebase-ios-sdk";
			requirement = {
				kind = upToNextMajorVersion;
				minimumVersion = 12.7.0;
			};
		};
/* End XCRemoteSwiftPackageReference section */

/* Begin XCSwiftPackageProductDependency section */
		E82F3CCE2EF9C91A00ABCF0D /* FirebaseAuth */ = {
			isa = XCSwiftPackageProductDependency;
			package = E82F3CCD2EF9C91A00ABCF0D /* XCRemoteSwiftPackageReference "firebase-ios-sdk" */;
			productName = FirebaseAuth;
		};
		E82F3CD02EF9C91A00ABCF0D /* FirebaseFirestore */ = {
			isa = XCSwiftPackageProductDependency;
			package = E82F3CCD2EF9C91A00ABCF0D /* XCRemoteSwiftPackageReference "firebase-ios-sdk" */;
			productName = FirebaseFirestore;
		};
/* End XCSwiftPackageProductDependency section */
	};
	rootObject = E82F3C852EF048AA00ABCF0D /* Project object */;
}
